
Microsoft Visual Studio Solution File, Format Version 12.00
# Visual Studio Version 16
VisualStudioVersion = 16.0.31515.178
MinimumVisualStudioVersion = 10.0.40219.1
Project("{FAE04EC0-301F-11D3-BF4B-00C04F79EFBC}") = "P03_FootballBetting", "P03_FootballBetting.csproj", "{C7B08376-779A-48EE-9B03-BA68D711FCA0}"
EndProject
Project("{FAE04EC0-301F-11D3-BF4B-00C04F79EFBC}") = "P03_FootballBetting.Data", "..\P03_FootballBetting.Data\P03_FootballBetting.Data.csproj", "{F6864CE3-0A42-4CD9-9F7C-CB75F5782F04}"
EndProject
Project("{FAE04EC0-301F-11D3-BF4B-00C04F79EFBC}") = "P03_FootballBetting.Data.Models", "..\P03_FootballBetting.Data.Models\P03_FootballBetting.Data.Models.csproj", "{9BBE3ED9-F09D-4E12-96DC-5C6BF8BDC3E2}"
EndProject
Global
	GlobalSection(SolutionConfigurationPlatforms) = preSolution
		Debug|Any CPU = Debug|Any CPU
		Release|Any CPU = Release|Any CPU
	EndGlobalSection
	GlobalSection(ProjectConfigurationPlatforms) = postSolution
		{C7B08376-779A-48EE-9B03-BA68D711FCA0}.Debug|Any CPU.ActiveCfg = Debug|Any CPU
		{C7B08376-779A-48EE-9B03-BA68D711FCA0}.Debug|Any CPU.Build.0 = Debug|Any CPU
		{C7B08376-779A-48EE-9B03-BA68D711FCA0}.Release|Any CPU.ActiveCfg = Release|Any CPU
		{C7B08376-779A-48EE-9B03-BA68D711FCA0}.Release|Any CPU.Build.0 = Release|Any CPU
		{F6864CE3-0A42-4CD9-9F7C-CB75F5782F04}.Debug|Any CPU.ActiveCfg = Debug|Any CPU
		{F6864CE3-0A42-4CD9-9F7C-CB75F5782F04}.Debug|Any CPU.Build.0 = Debug|Any CPU
		{F6864CE3-0A42-4CD9-9F7C-CB75F5782F04}.Release|Any CPU.ActiveCfg = Release|Any CPU
		{F6864CE3-0A42-4CD9-9F7C-CB75F5782F04}.Release|Any CPU.Build.0 = Release|Any CPU
		{9BBE3ED9-F09D-4E12-96DC-5C6BF8BDC3E2}.Debug|Any CPU.ActiveCfg = Debug|Any CPU
		{9BBE3ED9-F09D-4E12-96DC-5C6BF8BDC3E2}.Debug|Any CPU.Build.0 = Debug|Any CPU
		{9BBE3ED9-F09D-4E12-96DC-5C6BF8BDC3E2}.Release|Any CPU.ActiveCfg = Release|Any CPU
		{9BBE3ED9-F09D-4E12-96DC-5C6BF8BDC3E2}.Release|Any CPU.Build.0 = Release|Any CPU
	EndGlobalSection
	GlobalSection(SolutionProperties) = preSolution
		HideSolutionNode = FALSE
	EndGlobalSection
	GlobalSection(ExtensibilityGlobals) = postSolution
		SolutionGuid = {E63A7545-70FA-40A8-A8C8-2749EE20A8E0}
	EndGlobalSection
EndGlobal
