
Microsoft Visual Studio Solution File, Format Version 12.00
# Visual Studio Version 16
VisualStudioVersion = 16.0.30907.101
MinimumVisualStudioVersion = 10.0.40219.1
Project("{9A19103F-16F7-4668-BE54-9A1E7A4F7556}") = "01.DiagonalDifference", "01.DiagonalDifference\01.DiagonalDifference.csproj", "{63B0A865-65BC-4290-9878-EDE61A7097B8}"
EndProject
Project("{9A19103F-16F7-4668-BE54-9A1E7A4F7556}") = "02.2x2SquaresInMatrix", "02.2x2SquaresInMatrix\02.2x2SquaresInMatrix.csproj", "{626A1908-31CF-4FB3-A893-5FD2EF417027}"
EndProject
Project("{9A19103F-16F7-4668-BE54-9A1E7A4F7556}") = "03.MaximalSum", "03.MaximalSum\03.MaximalSum.csproj", "{630EB503-E935-476D-94B6-B3BD6F57056A}"
EndProject
Project("{9A19103F-16F7-4668-BE54-9A1E7A4F7556}") = "04.MatrixShuffling", "04.MatrixShuffling\04.MatrixShuffling.csproj", "{06BEC50B-7F69-40A9-9FD8-58BC050B77A1}"
EndProject
Project("{9A19103F-16F7-4668-BE54-9A1E7A4F7556}") = "05.SnakeMoves", "05.SnakeMoves\05.SnakeMoves.csproj", "{D15C2105-2D53-4264-A870-33F739E31F72}"
EndProject
Project("{9A19103F-16F7-4668-BE54-9A1E7A4F7556}") = "06.JaggedArrayManipulator", "06.JaggedArrayManipulator\06.JaggedArrayManipulator.csproj", "{DD982251-D03B-4351-990D-B457B0728165}"
EndProject
Project("{9A19103F-16F7-4668-BE54-9A1E7A4F7556}") = "07.KnightGame", "07.KnightGame\07.KnightGame.csproj", "{68D926B7-5F90-459D-BDDC-0CD2AE9D5456}"
EndProject
Project("{FAE04EC0-301F-11D3-BF4B-00C04F79EFBC}") = "08.Bombs", "08.Bombs\08.Bombs.csproj", "{DB334AF9-AC6E-47BA-B4FD-AAAD630175E8}"
EndProject
Global
	GlobalSection(SolutionConfigurationPlatforms) = preSolution
		Debug|Any CPU = Debug|Any CPU
		Release|Any CPU = Release|Any CPU
	EndGlobalSection
	GlobalSection(ProjectConfigurationPlatforms) = postSolution
		{63B0A865-65BC-4290-9878-EDE61A7097B8}.Debug|Any CPU.ActiveCfg = Debug|Any CPU
		{63B0A865-65BC-4290-9878-EDE61A7097B8}.Debug|Any CPU.Build.0 = Debug|Any CPU
		{63B0A865-65BC-4290-9878-EDE61A7097B8}.Release|Any CPU.ActiveCfg = Release|Any CPU
		{63B0A865-65BC-4290-9878-EDE61A7097B8}.Release|Any CPU.Build.0 = Release|Any CPU
		{626A1908-31CF-4FB3-A893-5FD2EF417027}.Debug|Any CPU.ActiveCfg = Debug|Any CPU
		{626A1908-31CF-4FB3-A893-5FD2EF417027}.Debug|Any CPU.Build.0 = Debug|Any CPU
		{626A1908-31CF-4FB3-A893-5FD2EF417027}.Release|Any CPU.ActiveCfg = Release|Any CPU
		{626A1908-31CF-4FB3-A893-5FD2EF417027}.Release|Any CPU.Build.0 = Release|Any CPU
		{630EB503-E935-476D-94B6-B3BD6F57056A}.Debug|Any CPU.ActiveCfg = Debug|Any CPU
		{630EB503-E935-476D-94B6-B3BD6F57056A}.Debug|Any CPU.Build.0 = Debug|Any CPU
		{630EB503-E935-476D-94B6-B3BD6F57056A}.Release|Any CPU.ActiveCfg = Release|Any CPU
		{630EB503-E935-476D-94B6-B3BD6F57056A}.Release|Any CPU.Build.0 = Release|Any CPU
		{06BEC50B-7F69-40A9-9FD8-58BC050B77A1}.Debug|Any CPU.ActiveCfg = Debug|Any CPU
		{06BEC50B-7F69-40A9-9FD8-58BC050B77A1}.Debug|Any CPU.Build.0 = Debug|Any CPU
		{06BEC50B-7F69-40A9-9FD8-58BC050B77A1}.Release|Any CPU.ActiveCfg = Release|Any CPU
		{06BEC50B-7F69-40A9-9FD8-58BC050B77A1}.Release|Any CPU.Build.0 = Release|Any CPU
		{D15C2105-2D53-4264-A870-33F739E31F72}.Debug|Any CPU.ActiveCfg = Debug|Any CPU
		{D15C2105-2D53-4264-A870-33F739E31F72}.Debug|Any CPU.Build.0 = Debug|Any CPU
		{D15C2105-2D53-4264-A870-33F739E31F72}.Release|Any CPU.ActiveCfg = Release|Any CPU
		{D15C2105-2D53-4264-A870-33F739E31F72}.Release|Any CPU.Build.0 = Release|Any CPU
		{DD982251-D03B-4351-990D-B457B0728165}.Debug|Any CPU.ActiveCfg = Debug|Any CPU
		{DD982251-D03B-4351-990D-B457B0728165}.Debug|Any CPU.Build.0 = Debug|Any CPU
		{DD982251-D03B-4351-990D-B457B0728165}.Release|Any CPU.ActiveCfg = Release|Any CPU
		{DD982251-D03B-4351-990D-B457B0728165}.Release|Any CPU.Build.0 = Release|Any CPU
		{68D926B7-5F90-459D-BDDC-0CD2AE9D5456}.Debug|Any CPU.ActiveCfg = Debug|Any CPU
		{68D926B7-5F90-459D-BDDC-0CD2AE9D5456}.Debug|Any CPU.Build.0 = Debug|Any CPU
		{68D926B7-5F90-459D-BDDC-0CD2AE9D5456}.Release|Any CPU.ActiveCfg = Release|Any CPU
		{68D926B7-5F90-459D-BDDC-0CD2AE9D5456}.Release|Any CPU.Build.0 = Release|Any CPU
		{DB334AF9-AC6E-47BA-B4FD-AAAD630175E8}.Debug|Any CPU.ActiveCfg = Debug|Any CPU
		{DB334AF9-AC6E-47BA-B4FD-AAAD630175E8}.Debug|Any CPU.Build.0 = Debug|Any CPU
		{DB334AF9-AC6E-47BA-B4FD-AAAD630175E8}.Release|Any CPU.ActiveCfg = Release|Any CPU
		{DB334AF9-AC6E-47BA-B4FD-AAAD630175E8}.Release|Any CPU.Build.0 = Release|Any CPU
	EndGlobalSection
	GlobalSection(SolutionProperties) = preSolution
		HideSolutionNode = FALSE
	EndGlobalSection
	GlobalSection(ExtensibilityGlobals) = postSolution
		SolutionGuid = {30AFE946-B6A0-4024-AC4C-10B2E20848F5}
	EndGlobalSection
EndGlobal
