
Microsoft Visual Studio Solution File, Format Version 12.00
# Visual Studio Version 16
VisualStudioVersion = 16.0.30907.101
MinimumVisualStudioVersion = 10.0.40219.1
Project("{9A19103F-16F7-4668-BE54-9A1E7A4F7556}") = "01.MatrixOfPalindromes", "01.MatrixOfPalindromes\01.MatrixOfPalindromes.csproj", "{CC2C53D7-30CC-4D84-A982-EF8F17E70275}"
EndProject
Project("{9A19103F-16F7-4668-BE54-9A1E7A4F7556}") = "02.RubicCube", "02.RubicCube\02.RubicCube.csproj", "{71043974-AC64-4037-9ED3-52A1164978D9}"
EndProject
Project("{9A19103F-16F7-4668-BE54-9A1E7A4F7556}") = "05.CalculateSequencewithQueue", "05.CalculateSequencewithQueue\05.CalculateSequencewithQueue.csproj", "{BA36DC62-38AB-4CD4-A368-84F94E60F3D3}"
EndProject
Project("{9A19103F-16F7-4668-BE54-9A1E7A4F7556}") = "03.Cooking", "03.Cooking\03.Cooking.csproj", "{65C58623-14B0-4273-848B-8D370635F891}"
EndProject
Project("{9A19103F-16F7-4668-BE54-9A1E7A4F7556}") = "04.Selling", "04.Selling\04.Selling.csproj", "{9A441533-368F-49D2-B6B1-E1EAA48D0772}"
EndProject
Project("{9A19103F-16F7-4668-BE54-9A1E7A4F7556}") = "07.Scheduling", "07.Scheduling\07.Scheduling.csproj", "{B4E54284-BB3E-41CC-B2ED-FF025C49E722}"
EndProject
Project("{9A19103F-16F7-4668-BE54-9A1E7A4F7556}") = "08.Garden", "08.Garden\08.Garden.csproj", "{D9CC958F-865A-41EB-8666-6EA85B70B85B}"
EndProject
Project("{FAE04EC0-301F-11D3-BF4B-00C04F79EFBC}") = "10.Bombs", "10.Bombs\10.Bombs.csproj", "{D357AB22-7F1F-43F7-98A9-FD31E0ED5AE8}"
EndProject
Global
	GlobalSection(SolutionConfigurationPlatforms) = preSolution
		Debug|Any CPU = Debug|Any CPU
		Release|Any CPU = Release|Any CPU
	EndGlobalSection
	GlobalSection(ProjectConfigurationPlatforms) = postSolution
		{CC2C53D7-30CC-4D84-A982-EF8F17E70275}.Debug|Any CPU.ActiveCfg = Debug|Any CPU
		{CC2C53D7-30CC-4D84-A982-EF8F17E70275}.Debug|Any CPU.Build.0 = Debug|Any CPU
		{CC2C53D7-30CC-4D84-A982-EF8F17E70275}.Release|Any CPU.ActiveCfg = Release|Any CPU
		{CC2C53D7-30CC-4D84-A982-EF8F17E70275}.Release|Any CPU.Build.0 = Release|Any CPU
		{71043974-AC64-4037-9ED3-52A1164978D9}.Debug|Any CPU.ActiveCfg = Debug|Any CPU
		{71043974-AC64-4037-9ED3-52A1164978D9}.Debug|Any CPU.Build.0 = Debug|Any CPU
		{71043974-AC64-4037-9ED3-52A1164978D9}.Release|Any CPU.ActiveCfg = Release|Any CPU
		{71043974-AC64-4037-9ED3-52A1164978D9}.Release|Any CPU.Build.0 = Release|Any CPU
		{BA36DC62-38AB-4CD4-A368-84F94E60F3D3}.Debug|Any CPU.ActiveCfg = Debug|Any CPU
		{BA36DC62-38AB-4CD4-A368-84F94E60F3D3}.Debug|Any CPU.Build.0 = Debug|Any CPU
		{BA36DC62-38AB-4CD4-A368-84F94E60F3D3}.Release|Any CPU.ActiveCfg = Release|Any CPU
		{BA36DC62-38AB-4CD4-A368-84F94E60F3D3}.Release|Any CPU.Build.0 = Release|Any CPU
		{65C58623-14B0-4273-848B-8D370635F891}.Debug|Any CPU.ActiveCfg = Debug|Any CPU
		{65C58623-14B0-4273-848B-8D370635F891}.Debug|Any CPU.Build.0 = Debug|Any CPU
		{65C58623-14B0-4273-848B-8D370635F891}.Release|Any CPU.ActiveCfg = Release|Any CPU
		{65C58623-14B0-4273-848B-8D370635F891}.Release|Any CPU.Build.0 = Release|Any CPU
		{9A441533-368F-49D2-B6B1-E1EAA48D0772}.Debug|Any CPU.ActiveCfg = Debug|Any CPU
		{9A441533-368F-49D2-B6B1-E1EAA48D0772}.Debug|Any CPU.Build.0 = Debug|Any CPU
		{9A441533-368F-49D2-B6B1-E1EAA48D0772}.Release|Any CPU.ActiveCfg = Release|Any CPU
		{9A441533-368F-49D2-B6B1-E1EAA48D0772}.Release|Any CPU.Build.0 = Release|Any CPU
		{B4E54284-BB3E-41CC-B2ED-FF025C49E722}.Debug|Any CPU.ActiveCfg = Debug|Any CPU
		{B4E54284-BB3E-41CC-B2ED-FF025C49E722}.Debug|Any CPU.Build.0 = Debug|Any CPU
		{B4E54284-BB3E-41CC-B2ED-FF025C49E722}.Release|Any CPU.ActiveCfg = Release|Any CPU
		{B4E54284-BB3E-41CC-B2ED-FF025C49E722}.Release|Any CPU.Build.0 = Release|Any CPU
		{D9CC958F-865A-41EB-8666-6EA85B70B85B}.Debug|Any CPU.ActiveCfg = Debug|Any CPU
		{D9CC958F-865A-41EB-8666-6EA85B70B85B}.Debug|Any CPU.Build.0 = Debug|Any CPU
		{D9CC958F-865A-41EB-8666-6EA85B70B85B}.Release|Any CPU.ActiveCfg = Release|Any CPU
		{D9CC958F-865A-41EB-8666-6EA85B70B85B}.Release|Any CPU.Build.0 = Release|Any CPU
		{D357AB22-7F1F-43F7-98A9-FD31E0ED5AE8}.Debug|Any CPU.ActiveCfg = Debug|Any CPU
		{D357AB22-7F1F-43F7-98A9-FD31E0ED5AE8}.Debug|Any CPU.Build.0 = Debug|Any CPU
		{D357AB22-7F1F-43F7-98A9-FD31E0ED5AE8}.Release|Any CPU.ActiveCfg = Release|Any CPU
		{D357AB22-7F1F-43F7-98A9-FD31E0ED5AE8}.Release|Any CPU.Build.0 = Release|Any CPU
	EndGlobalSection
	GlobalSection(SolutionProperties) = preSolution
		HideSolutionNode = FALSE
	EndGlobalSection
	GlobalSection(ExtensibilityGlobals) = postSolution
		SolutionGuid = {2914266E-059C-43F3-87F8-DF9F349C59D1}
	EndGlobalSection
EndGlobal
