
Microsoft Visual Studio Solution File, Format Version 12.00
# Visual Studio Version 16
VisualStudioVersion = 16.0.30907.101
MinimumVisualStudioVersion = 10.0.40219.1
Project("{FAE04EC0-301F-11D3-BF4B-00C04F79EFBC}") = "01.MatrixOfPalindromes", "01.MatrixOfPalindromes\01.MatrixOfPalindromes.csproj", "{CC2C53D7-30CC-4D84-A982-EF8F17E70275}"
EndProject
Global
	GlobalSection(SolutionConfigurationPlatforms) = preSolution
		Debug|Any CPU = Debug|Any CPU
		Release|Any CPU = Release|Any CPU
	EndGlobalSection
	GlobalSection(ProjectConfigurationPlatforms) = postSolution
		{CC2C53D7-30CC-4D84-A982-EF8F17E70275}.Debug|Any CPU.ActiveCfg = Debug|Any CPU
		{CC2C53D7-30CC-4D84-A982-EF8F17E70275}.Debug|Any CPU.Build.0 = Debug|Any CPU
		{CC2C53D7-30CC-4D84-A982-EF8F17E70275}.Release|Any CPU.ActiveCfg = Release|Any CPU
		{CC2C53D7-30CC-4D84-A982-EF8F17E70275}.Release|Any CPU.Build.0 = Release|Any CPU
	EndGlobalSection
	GlobalSection(SolutionProperties) = preSolution
		HideSolutionNode = FALSE
	EndGlobalSection
	GlobalSection(ExtensibilityGlobals) = postSolution
		SolutionGuid = {2914266E-059C-43F3-87F8-DF9F349C59D1}
	EndGlobalSection
EndGlobal
