
Microsoft Visual Studio Solution File, Format Version 12.00
# Visual Studio Version 16
VisualStudioVersion = 16.0.31105.61
MinimumVisualStudioVersion = 10.0.40219.1
Project("{9A19103F-16F7-4668-BE54-9A1E7A4F7556}") = "Shapes", "Pyramid\Shapes.csproj", "{7E773BE7-9EEE-451A-852C-01E84125E443}"
EndProject
Global
	GlobalSection(SolutionConfigurationPlatforms) = preSolution
		Debug|Any CPU = Debug|Any CPU
		Release|Any CPU = Release|Any CPU
	EndGlobalSection
	GlobalSection(ProjectConfigurationPlatforms) = postSolution
		{7E773BE7-9EEE-451A-852C-01E84125E443}.Debug|Any CPU.ActiveCfg = Debug|Any CPU
		{7E773BE7-9EEE-451A-852C-01E84125E443}.Debug|Any CPU.Build.0 = Debug|Any CPU
		{7E773BE7-9EEE-451A-852C-01E84125E443}.Release|Any CPU.ActiveCfg = Release|Any CPU
		{7E773BE7-9EEE-451A-852C-01E84125E443}.Release|Any CPU.Build.0 = Release|Any CPU
	EndGlobalSection
	GlobalSection(SolutionProperties) = preSolution
		HideSolutionNode = FALSE
	EndGlobalSection
	GlobalSection(ExtensibilityGlobals) = postSolution
		SolutionGuid = {BB9FA922-62FE-4A51-8E84-38BEBF1AB792}
	EndGlobalSection
EndGlobal
