
Microsoft Visual Studio Solution File, Format Version 12.00
# Visual Studio Version 16
VisualStudioVersion = 16.0.30907.101
MinimumVisualStudioVersion = 10.0.40219.1
Project("{FAE04EC0-301F-11D3-BF4B-00C04F79EFBC}") = "01.ActionPoint", "01.ActionPoint\01.ActionPoint.csproj", "{8EBCC4F5-BC05-47B3-8911-E37B3030BB4F}"
EndProject
Project("{FAE04EC0-301F-11D3-BF4B-00C04F79EFBC}") = "02.KnightsOfHonor", "02.KnightsOfHonor\02.KnightsOfHonor.csproj", "{87BD41C0-8D23-4217-A7E4-75B73BCAF8AD}"
EndProject
Project("{FAE04EC0-301F-11D3-BF4B-00C04F79EFBC}") = "03.CustomMinFunction", "03.CustomMinFunction\03.CustomMinFunction.csproj", "{73955842-7716-4F8C-B482-B6BD71935136}"
EndProject
Project("{FAE04EC0-301F-11D3-BF4B-00C04F79EFBC}") = "04.FindEvensOrOdds", "04.FindEvensOrOdds\04.FindEvensOrOdds.csproj", "{9910BD19-33D7-42FD-9815-1704FED387B6}"
EndProject
Global
	GlobalSection(SolutionConfigurationPlatforms) = preSolution
		Debug|Any CPU = Debug|Any CPU
		Release|Any CPU = Release|Any CPU
	EndGlobalSection
	GlobalSection(ProjectConfigurationPlatforms) = postSolution
		{8EBCC4F5-BC05-47B3-8911-E37B3030BB4F}.Debug|Any CPU.ActiveCfg = Debug|Any CPU
		{8EBCC4F5-BC05-47B3-8911-E37B3030BB4F}.Debug|Any CPU.Build.0 = Debug|Any CPU
		{8EBCC4F5-BC05-47B3-8911-E37B3030BB4F}.Release|Any CPU.ActiveCfg = Release|Any CPU
		{8EBCC4F5-BC05-47B3-8911-E37B3030BB4F}.Release|Any CPU.Build.0 = Release|Any CPU
		{87BD41C0-8D23-4217-A7E4-75B73BCAF8AD}.Debug|Any CPU.ActiveCfg = Debug|Any CPU
		{87BD41C0-8D23-4217-A7E4-75B73BCAF8AD}.Debug|Any CPU.Build.0 = Debug|Any CPU
		{87BD41C0-8D23-4217-A7E4-75B73BCAF8AD}.Release|Any CPU.ActiveCfg = Release|Any CPU
		{87BD41C0-8D23-4217-A7E4-75B73BCAF8AD}.Release|Any CPU.Build.0 = Release|Any CPU
		{73955842-7716-4F8C-B482-B6BD71935136}.Debug|Any CPU.ActiveCfg = Debug|Any CPU
		{73955842-7716-4F8C-B482-B6BD71935136}.Debug|Any CPU.Build.0 = Debug|Any CPU
		{73955842-7716-4F8C-B482-B6BD71935136}.Release|Any CPU.ActiveCfg = Release|Any CPU
		{73955842-7716-4F8C-B482-B6BD71935136}.Release|Any CPU.Build.0 = Release|Any CPU
		{9910BD19-33D7-42FD-9815-1704FED387B6}.Debug|Any CPU.ActiveCfg = Debug|Any CPU
		{9910BD19-33D7-42FD-9815-1704FED387B6}.Debug|Any CPU.Build.0 = Debug|Any CPU
		{9910BD19-33D7-42FD-9815-1704FED387B6}.Release|Any CPU.ActiveCfg = Release|Any CPU
		{9910BD19-33D7-42FD-9815-1704FED387B6}.Release|Any CPU.Build.0 = Release|Any CPU
	EndGlobalSection
	GlobalSection(SolutionProperties) = preSolution
		HideSolutionNode = FALSE
	EndGlobalSection
	GlobalSection(ExtensibilityGlobals) = postSolution
		SolutionGuid = {0AF46F96-3418-41CE-B6B4-1862D0527157}
	EndGlobalSection
EndGlobal
