
Microsoft Visual Studio Solution File, Format Version 12.00
# Visual Studio Version 16
VisualStudioVersion = 16.0.30907.101
MinimumVisualStudioVersion = 10.0.40219.1
Project("{9A19103F-16F7-4668-BE54-9A1E7A4F7556}") = "P01", "P01\P01.csproj", "{5995A6FB-C7D0-4406-A1F2-9BA6FCE6A7EE}"
EndProject
Project("{9A19103F-16F7-4668-BE54-9A1E7A4F7556}") = "P02", "P02\P02.csproj", "{68A143C4-4FCC-4C25-B2A9-E51F603DC9BA}"
EndProject
Project("{FAE04EC0-301F-11D3-BF4B-00C04F79EFBC}") = "P03", "P03\P03.csproj", "{A38C95D5-6FBA-4B66-A9E9-58C1DC7E416D}"
EndProject
Project("{FAE04EC0-301F-11D3-BF4B-00C04F79EFBC}") = "P04", "P04\P04.csproj", "{68BD5821-1160-44AB-BE78-C97483E3050A}"
EndProject
Global
	GlobalSection(SolutionConfigurationPlatforms) = preSolution
		Debug|Any CPU = Debug|Any CPU
		Release|Any CPU = Release|Any CPU
	EndGlobalSection
	GlobalSection(ProjectConfigurationPlatforms) = postSolution
		{5995A6FB-C7D0-4406-A1F2-9BA6FCE6A7EE}.Debug|Any CPU.ActiveCfg = Debug|Any CPU
		{5995A6FB-C7D0-4406-A1F2-9BA6FCE6A7EE}.Debug|Any CPU.Build.0 = Debug|Any CPU
		{5995A6FB-C7D0-4406-A1F2-9BA6FCE6A7EE}.Release|Any CPU.ActiveCfg = Release|Any CPU
		{5995A6FB-C7D0-4406-A1F2-9BA6FCE6A7EE}.Release|Any CPU.Build.0 = Release|Any CPU
		{68A143C4-4FCC-4C25-B2A9-E51F603DC9BA}.Debug|Any CPU.ActiveCfg = Debug|Any CPU
		{68A143C4-4FCC-4C25-B2A9-E51F603DC9BA}.Debug|Any CPU.Build.0 = Debug|Any CPU
		{68A143C4-4FCC-4C25-B2A9-E51F603DC9BA}.Release|Any CPU.ActiveCfg = Release|Any CPU
		{68A143C4-4FCC-4C25-B2A9-E51F603DC9BA}.Release|Any CPU.Build.0 = Release|Any CPU
		{A38C95D5-6FBA-4B66-A9E9-58C1DC7E416D}.Debug|Any CPU.ActiveCfg = Debug|Any CPU
		{A38C95D5-6FBA-4B66-A9E9-58C1DC7E416D}.Debug|Any CPU.Build.0 = Debug|Any CPU
		{A38C95D5-6FBA-4B66-A9E9-58C1DC7E416D}.Release|Any CPU.ActiveCfg = Release|Any CPU
		{A38C95D5-6FBA-4B66-A9E9-58C1DC7E416D}.Release|Any CPU.Build.0 = Release|Any CPU
		{68BD5821-1160-44AB-BE78-C97483E3050A}.Debug|Any CPU.ActiveCfg = Debug|Any CPU
		{68BD5821-1160-44AB-BE78-C97483E3050A}.Debug|Any CPU.Build.0 = Debug|Any CPU
		{68BD5821-1160-44AB-BE78-C97483E3050A}.Release|Any CPU.ActiveCfg = Release|Any CPU
		{68BD5821-1160-44AB-BE78-C97483E3050A}.Release|Any CPU.Build.0 = Release|Any CPU
	EndGlobalSection
	GlobalSection(SolutionProperties) = preSolution
		HideSolutionNode = FALSE
	EndGlobalSection
	GlobalSection(ExtensibilityGlobals) = postSolution
		SolutionGuid = {B5C5F9C6-DD0D-4450-AA7D-ADFFFC82B8A8}
	EndGlobalSection
EndGlobal
