
Microsoft Visual Studio Solution File, Format Version 12.00
# Visual Studio Version 16
VisualStudioVersion = 16.0.30907.101
MinimumVisualStudioVersion = 10.0.40219.1
Project("{9A19103F-16F7-4668-BE54-9A1E7A4F7556}") = "01.DefineAClassPerson", "01.DefineAClassPerson\01.DefineAClassPerson.csproj", "{35D5DEE7-CCDE-4639-862E-2E9B5C6C7FCF}"
EndProject
Project("{9A19103F-16F7-4668-BE54-9A1E7A4F7556}") = "02.CreatingConstructors", "02.CreatingConstructors\02.CreatingConstructors.csproj", "{8404F2E7-DB97-494F-8149-BFF7A784C13C}"
EndProject
Project("{9A19103F-16F7-4668-BE54-9A1E7A4F7556}") = "03.OldestFamilyMember", "03.OldestFamilyMember\03.OldestFamilyMember.csproj", "{644901FD-0397-487F-92B6-0396E65D908A}"
EndProject
Project("{9A19103F-16F7-4668-BE54-9A1E7A4F7556}") = "04.OpinionPoll", "04.OpinionPoll\04.OpinionPoll.csproj", "{D94914A2-EEE6-4EB0-9F80-1D43B323226A}"
EndProject
Project("{9A19103F-16F7-4668-BE54-9A1E7A4F7556}") = "05.DateModifier", "05.DateModifier\05.DateModifier.csproj", "{FE124B5C-0266-406B-8926-37E6E3E1438C}"
EndProject
Project("{9A19103F-16F7-4668-BE54-9A1E7A4F7556}") = "06.SpeedRacing", "06.SpeedRacing\06.SpeedRacing.csproj", "{81E34B3B-21C9-4A6B-AE9D-950E5D9D7AAB}"
EndProject
Project("{9A19103F-16F7-4668-BE54-9A1E7A4F7556}") = "07.RawData", "07.RawData\07.RawData.csproj", "{DC563112-6361-4726-8A55-356115727E52}"
EndProject
Project("{9A19103F-16F7-4668-BE54-9A1E7A4F7556}") = "09.PokemonTrainer", "09.PokemonTrainer\09.PokemonTrainer.csproj", "{279A70A9-ACAA-40A9-B23F-7DB13B4A9A67}"
EndProject
Project("{FAE04EC0-301F-11D3-BF4B-00C04F79EFBC}") = "08.CarSalesman", "08.CarSalesman\08.CarSalesman.csproj", "{B714780B-43E0-469C-9E52-ACB170B0530A}"
EndProject
Global
	GlobalSection(SolutionConfigurationPlatforms) = preSolution
		Debug|Any CPU = Debug|Any CPU
		Release|Any CPU = Release|Any CPU
	EndGlobalSection
	GlobalSection(ProjectConfigurationPlatforms) = postSolution
		{35D5DEE7-CCDE-4639-862E-2E9B5C6C7FCF}.Debug|Any CPU.ActiveCfg = Debug|Any CPU
		{35D5DEE7-CCDE-4639-862E-2E9B5C6C7FCF}.Debug|Any CPU.Build.0 = Debug|Any CPU
		{35D5DEE7-CCDE-4639-862E-2E9B5C6C7FCF}.Release|Any CPU.ActiveCfg = Release|Any CPU
		{35D5DEE7-CCDE-4639-862E-2E9B5C6C7FCF}.Release|Any CPU.Build.0 = Release|Any CPU
		{8404F2E7-DB97-494F-8149-BFF7A784C13C}.Debug|Any CPU.ActiveCfg = Debug|Any CPU
		{8404F2E7-DB97-494F-8149-BFF7A784C13C}.Debug|Any CPU.Build.0 = Debug|Any CPU
		{8404F2E7-DB97-494F-8149-BFF7A784C13C}.Release|Any CPU.ActiveCfg = Release|Any CPU
		{8404F2E7-DB97-494F-8149-BFF7A784C13C}.Release|Any CPU.Build.0 = Release|Any CPU
		{644901FD-0397-487F-92B6-0396E65D908A}.Debug|Any CPU.ActiveCfg = Debug|Any CPU
		{644901FD-0397-487F-92B6-0396E65D908A}.Debug|Any CPU.Build.0 = Debug|Any CPU
		{644901FD-0397-487F-92B6-0396E65D908A}.Release|Any CPU.ActiveCfg = Release|Any CPU
		{644901FD-0397-487F-92B6-0396E65D908A}.Release|Any CPU.Build.0 = Release|Any CPU
		{D94914A2-EEE6-4EB0-9F80-1D43B323226A}.Debug|Any CPU.ActiveCfg = Debug|Any CPU
		{D94914A2-EEE6-4EB0-9F80-1D43B323226A}.Debug|Any CPU.Build.0 = Debug|Any CPU
		{D94914A2-EEE6-4EB0-9F80-1D43B323226A}.Release|Any CPU.ActiveCfg = Release|Any CPU
		{D94914A2-EEE6-4EB0-9F80-1D43B323226A}.Release|Any CPU.Build.0 = Release|Any CPU
		{FE124B5C-0266-406B-8926-37E6E3E1438C}.Debug|Any CPU.ActiveCfg = Debug|Any CPU
		{FE124B5C-0266-406B-8926-37E6E3E1438C}.Debug|Any CPU.Build.0 = Debug|Any CPU
		{FE124B5C-0266-406B-8926-37E6E3E1438C}.Release|Any CPU.ActiveCfg = Release|Any CPU
		{FE124B5C-0266-406B-8926-37E6E3E1438C}.Release|Any CPU.Build.0 = Release|Any CPU
		{81E34B3B-21C9-4A6B-AE9D-950E5D9D7AAB}.Debug|Any CPU.ActiveCfg = Debug|Any CPU
		{81E34B3B-21C9-4A6B-AE9D-950E5D9D7AAB}.Debug|Any CPU.Build.0 = Debug|Any CPU
		{81E34B3B-21C9-4A6B-AE9D-950E5D9D7AAB}.Release|Any CPU.ActiveCfg = Release|Any CPU
		{81E34B3B-21C9-4A6B-AE9D-950E5D9D7AAB}.Release|Any CPU.Build.0 = Release|Any CPU
		{DC563112-6361-4726-8A55-356115727E52}.Debug|Any CPU.ActiveCfg = Debug|Any CPU
		{DC563112-6361-4726-8A55-356115727E52}.Debug|Any CPU.Build.0 = Debug|Any CPU
		{DC563112-6361-4726-8A55-356115727E52}.Release|Any CPU.ActiveCfg = Release|Any CPU
		{DC563112-6361-4726-8A55-356115727E52}.Release|Any CPU.Build.0 = Release|Any CPU
		{279A70A9-ACAA-40A9-B23F-7DB13B4A9A67}.Debug|Any CPU.ActiveCfg = Debug|Any CPU
		{279A70A9-ACAA-40A9-B23F-7DB13B4A9A67}.Debug|Any CPU.Build.0 = Debug|Any CPU
		{279A70A9-ACAA-40A9-B23F-7DB13B4A9A67}.Release|Any CPU.ActiveCfg = Release|Any CPU
		{279A70A9-ACAA-40A9-B23F-7DB13B4A9A67}.Release|Any CPU.Build.0 = Release|Any CPU
		{B714780B-43E0-469C-9E52-ACB170B0530A}.Debug|Any CPU.ActiveCfg = Debug|Any CPU
		{B714780B-43E0-469C-9E52-ACB170B0530A}.Debug|Any CPU.Build.0 = Debug|Any CPU
		{B714780B-43E0-469C-9E52-ACB170B0530A}.Release|Any CPU.ActiveCfg = Release|Any CPU
		{B714780B-43E0-469C-9E52-ACB170B0530A}.Release|Any CPU.Build.0 = Release|Any CPU
	EndGlobalSection
	GlobalSection(SolutionProperties) = preSolution
		HideSolutionNode = FALSE
	EndGlobalSection
	GlobalSection(ExtensibilityGlobals) = postSolution
		SolutionGuid = {690E17CF-68C2-4C24-874C-268920A9CB85}
	EndGlobalSection
EndGlobal
