
Microsoft Visual Studio Solution File, Format Version 12.00
# Visual Studio Version 16
VisualStudioVersion = 16.0.31515.178
MinimumVisualStudioVersion = 10.0.40219.1
Project("{FAE04EC0-301F-11D3-BF4B-00C04F79EFBC}") = "P01_StudentSystem", "P01_StudentSystem.csproj", "{DF37E59B-7EFA-46EE-9109-8B8CFF13395D}"
EndProject
Global
	GlobalSection(SolutionConfigurationPlatforms) = preSolution
		Debug|Any CPU = Debug|Any CPU
		Release|Any CPU = Release|Any CPU
	EndGlobalSection
	GlobalSection(ProjectConfigurationPlatforms) = postSolution
		{DF37E59B-7EFA-46EE-9109-8B8CFF13395D}.Debug|Any CPU.ActiveCfg = Debug|Any CPU
		{DF37E59B-7EFA-46EE-9109-8B8CFF13395D}.Debug|Any CPU.Build.0 = Debug|Any CPU
		{DF37E59B-7EFA-46EE-9109-8B8CFF13395D}.Release|Any CPU.ActiveCfg = Release|Any CPU
		{DF37E59B-7EFA-46EE-9109-8B8CFF13395D}.Release|Any CPU.Build.0 = Release|Any CPU
	EndGlobalSection
	GlobalSection(SolutionProperties) = preSolution
		HideSolutionNode = FALSE
	EndGlobalSection
	GlobalSection(ExtensibilityGlobals) = postSolution
		SolutionGuid = {C0B2229B-AAB3-4490-8933-98B69BA093DB}
	EndGlobalSection
EndGlobal
