
Microsoft Visual Studio Solution File, Format Version 12.00
# Visual Studio Version 17
VisualStudioVersion = 17.0.31912.275
MinimumVisualStudioVersion = 10.0.40219.1
Project("{FAE04EC0-301F-11D3-BF4B-00C04F79EFBC}") = "BasicWebServer", "BasicWebServer\BasicWebServer.csproj", "{9F1EC55E-6A1D-4A49-AC11-4B26EC7B4921}"
EndProject
Project("{FAE04EC0-301F-11D3-BF4B-00C04F79EFBC}") = "BasicWebServer.Server", "BasicWebServer.Server\BasicWebServer.Server.csproj", "{380AE9AE-FA5A-444C-8B40-3B6EE6A78973}"
EndProject
Global
	GlobalSection(SolutionConfigurationPlatforms) = preSolution
		Debug|Any CPU = Debug|Any CPU
		Release|Any CPU = Release|Any CPU
	EndGlobalSection
	GlobalSection(ProjectConfigurationPlatforms) = postSolution
		{9F1EC55E-6A1D-4A49-AC11-4B26EC7B4921}.Debug|Any CPU.ActiveCfg = Debug|Any CPU
		{9F1EC55E-6A1D-4A49-AC11-4B26EC7B4921}.Debug|Any CPU.Build.0 = Debug|Any CPU
		{9F1EC55E-6A1D-4A49-AC11-4B26EC7B4921}.Release|Any CPU.ActiveCfg = Release|Any CPU
		{9F1EC55E-6A1D-4A49-AC11-4B26EC7B4921}.Release|Any CPU.Build.0 = Release|Any CPU
		{380AE9AE-FA5A-444C-8B40-3B6EE6A78973}.Debug|Any CPU.ActiveCfg = Debug|Any CPU
		{380AE9AE-FA5A-444C-8B40-3B6EE6A78973}.Debug|Any CPU.Build.0 = Debug|Any CPU
		{380AE9AE-FA5A-444C-8B40-3B6EE6A78973}.Release|Any CPU.ActiveCfg = Release|Any CPU
		{380AE9AE-FA5A-444C-8B40-3B6EE6A78973}.Release|Any CPU.Build.0 = Release|Any CPU
	EndGlobalSection
	GlobalSection(SolutionProperties) = preSolution
		HideSolutionNode = FALSE
	EndGlobalSection
	GlobalSection(ExtensibilityGlobals) = postSolution
		SolutionGuid = {D2F4A456-266D-4CB6-87F6-65C52762D386}
	EndGlobalSection
EndGlobal
