
Microsoft Visual Studio Solution File, Format Version 12.00
# Visual Studio Version 16
VisualStudioVersion = 16.0.30907.101
MinimumVisualStudioVersion = 10.0.40219.1
Project("{9A19103F-16F7-4668-BE54-9A1E7A4F7556}") = "CustomListyIterator", "CustomListyIterator\CustomListyIterator.csproj", "{87FDC540-25F0-4226-9134-516D349937A9}"
EndProject
Project("{FAE04EC0-301F-11D3-BF4B-00C04F79EFBC}") = "02.Collection", "02.Collection\02.Collection.csproj", "{5AAF2885-BD66-478B-AD07-A15FB2041BBA}"
EndProject
Global
	GlobalSection(SolutionConfigurationPlatforms) = preSolution
		Debug|Any CPU = Debug|Any CPU
		Release|Any CPU = Release|Any CPU
	EndGlobalSection
	GlobalSection(ProjectConfigurationPlatforms) = postSolution
		{87FDC540-25F0-4226-9134-516D349937A9}.Debug|Any CPU.ActiveCfg = Debug|Any CPU
		{87FDC540-25F0-4226-9134-516D349937A9}.Debug|Any CPU.Build.0 = Debug|Any CPU
		{87FDC540-25F0-4226-9134-516D349937A9}.Release|Any CPU.ActiveCfg = Release|Any CPU
		{87FDC540-25F0-4226-9134-516D349937A9}.Release|Any CPU.Build.0 = Release|Any CPU
		{5AAF2885-BD66-478B-AD07-A15FB2041BBA}.Debug|Any CPU.ActiveCfg = Debug|Any CPU
		{5AAF2885-BD66-478B-AD07-A15FB2041BBA}.Debug|Any CPU.Build.0 = Debug|Any CPU
		{5AAF2885-BD66-478B-AD07-A15FB2041BBA}.Release|Any CPU.ActiveCfg = Release|Any CPU
		{5AAF2885-BD66-478B-AD07-A15FB2041BBA}.Release|Any CPU.Build.0 = Release|Any CPU
	EndGlobalSection
	GlobalSection(SolutionProperties) = preSolution
		HideSolutionNode = FALSE
	EndGlobalSection
	GlobalSection(ExtensibilityGlobals) = postSolution
		SolutionGuid = {7F1EFABE-3419-4038-BAF8-B46FE4295850}
	EndGlobalSection
EndGlobal
